# This file is automatically @generated by Cargo.
# It is not intended for manual editing.
version = 3

[[package]]
name = "goodhart_hash_supplemental"
version = "0.1.0"
dependencies = [
 "nanorand",
 "png_encode_mini",
]

[[package]]
name = "nanorand"
version = "0.7.0"
source = "registry+https://github.com/rust-lang/crates.io-index"
checksum = "6a51313c5820b0b02bd422f4b44776fbf47961755c74ce64afc73bfad10226c3"

[[package]]
name = "png_encode_mini"
version = "0.1.2"
source = "registry+https://github.com/rust-lang/crates.io-index"
checksum = "116ae962ea1a679f99915c2c53dc470b45aaf6b42e607580d16fce8c6248f666"
